// !$*UTF8*$!
{
	archiveVersion = 1;
	classes = {
	};
	objectVersion = 56;
	objects = {

/* Begin PBXBuildFile section */
		36C66A312ADA69FE00DBBE45 /* SecondViewController.swift in Sources */ = {isa = PBXBuildFile; fileRef = 36C66A302ADA69FE00DBBE45 /* SecondViewController.swift */; };
		36C66A332ADA747B00DBBE45 /* UIStackView+.swift in Sources */ = {isa = PBXBuildFile; fileRef = 36C66A322ADA747B00DBBE45 /* UIStackView+.swift */; };
		36C66A352ADA74B700DBBE45 /* ThirdViewController.swift in Sources */ = {isa = PBXBuildFile; fileRef = 36C66A342ADA74B700DBBE45 /* ThirdViewController.swift */; };
		36DFA1532AD06D46001E11EC /* AppDelegate.swift in Sources */ = {isa = PBXBuildFile; fileRef = 36DFA1522AD06D46001E11EC /* AppDelegate.swift */; };
		36DFA1552AD06D46001E11EC /* SceneDelegate.swift in Sources */ = {isa = PBXBuildFile; fileRef = 36DFA1542AD06D46001E11EC /* SceneDelegate.swift */; };
		36DFA1572AD06D46001E11EC /* ViewController.swift in Sources */ = {isa = PBXBuildFile; fileRef = 36DFA1562AD06D46001E11EC /* ViewController.swift */; };
		36DFA15C2AD06D47001E11EC /* Assets.xcassets in Resources */ = {isa = PBXBuildFile; fileRef = 36DFA15B2AD06D47001E11EC /* Assets.xcassets */; };
		36DFA15F2AD06D47001E11EC /* LaunchScreen.storyboard in Resources */ = {isa = PBXBuildFile; fileRef = 36DFA15D2AD06D47001E11EC /* LaunchScreen.storyboard */; };
/* End PBXBuildFile section */

/* Begin PBXFileReference section */
		36C66A302ADA69FE00DBBE45 /* SecondViewController.swift */ = {isa = PBXFileReference; lastKnownFileType = sourcecode.swift; path = SecondViewController.swift; sourceTree = "<group>"; };
		36C66A322ADA747B00DBBE45 /* UIStackView+.swift */ = {isa = PBXFileReference; lastKnownFileType = sourcecode.swift; path = "UIStackView+.swift"; sourceTree = "<group>"; };
		36C66A342ADA74B700DBBE45 /* ThirdViewController.swift */ = {isa = PBXFileReference; lastKnownFileType = sourcecode.swift; path = ThirdViewController.swift; sourceTree = "<group>"; };
		36DFA14F2AD06D46001E11EC /* DO_SOPT_iOS.app */ = {isa = PBXFileReference; explicitFileType = wrapper.application; includeInIndex = 0; path = DO_SOPT_iOS.app; sourceTree = BUILT_PRODUCTS_DIR; };
		36DFA1522AD06D46001E11EC /* AppDelegate.swift */ = {isa = PBXFileReference; lastKnownFileType = sourcecode.swift; path = AppDelegate.swift; sourceTree = "<group>"; };
		36DFA1542AD06D46001E11EC /* SceneDelegate.swift */ = {isa = PBXFileReference; lastKnownFileType = sourcecode.swift; path = SceneDelegate.swift; sourceTree = "<group>"; };
		36DFA1562AD06D46001E11EC /* ViewController.swift */ = {isa = PBXFileReference; lastKnownFileType = sourcecode.swift; path = ViewController.swift; sourceTree = "<group>"; };
		36DFA15B2AD06D47001E11EC /* Assets.xcassets */ = {isa = PBXFileReference; lastKnownFileType = folder.assetcatalog; path = Assets.xcassets; sourceTree = "<group>"; };
		36DFA15E2AD06D47001E11EC /* Base */ = {isa = PBXFileReference; lastKnownFileType = file.storyboard; name = Base; path = Base.lproj/LaunchScreen.storyboard; sourceTree = "<group>"; };
		36DFA1602AD06D47001E11EC /* Info.plist */ = {isa = PBXFileReference; lastKnownFileType = text.plist.xml; path = Info.plist; sourceTree = "<group>"; };
/* End PBXFileReference section */

/* Begin PBXFrameworksBuildPhase section */
		36DFA14C2AD06D46001E11EC /* Frameworks */ = {
			isa = PBXFrameworksBuildPhase;
			buildActionMask = 2147483647;
			files = (
			);
			runOnlyForDeploymentPostprocessing = 0;
		};
/* End PBXFrameworksBuildPhase section */

/* Begin PBXGroup section */
		36DFA1462AD06D46001E11EC = {
			isa = PBXGroup;
			children = (
				36DFA1512AD06D46001E11EC /* DO_SOPT_iOS */,
				36DFA1502AD06D46001E11EC /* Products */,
			);
			sourceTree = "<group>";
		};
		36DFA1502AD06D46001E11EC /* Products */ = {
			isa = PBXGroup;
			children = (
				36DFA14F2AD06D46001E11EC /* DO_SOPT_iOS.app */,
			);
			name = Products;
			sourceTree = "<group>";
		};
		36DFA1512AD06D46001E11EC /* DO_SOPT_iOS */ = {
			isa = PBXGroup;
			children = (
				36DFA1522AD06D46001E11EC /* AppDelegate.swift */,
				36C66A322ADA747B00DBBE45 /* UIStackView+.swift */,
				36DFA1542AD06D46001E11EC /* SceneDelegate.swift */,
				36DFA1562AD06D46001E11EC /* ViewController.swift */,
				36C66A302ADA69FE00DBBE45 /* SecondViewController.swift */,
				36DFA15B2AD06D47001E11EC /* Assets.xcassets */,
				36DFA15D2AD06D47001E11EC /* LaunchScreen.storyboard */,
				36DFA1602AD06D47001E11EC /* Info.plist */,
				36C66A342ADA74B700DBBE45 /* ThirdViewController.swift */,
			);
			path = DO_SOPT_iOS;
			sourceTree = "<group>";
		};
/* End PBXGroup section */

/* Begin PBXNativeTarget section */
		36DFA14E2AD06D46001E11EC /* DO_SOPT_iOS */ = {
			isa = PBXNativeTarget;
			buildConfigurationList = 36DFA1632AD06D47001E11EC /* Build configuration list for PBXNativeTarget "DO_SOPT_iOS" */;
			buildPhases = (
				36DFA14B2AD06D46001E11EC /* Sources */,
				36DFA14C2AD06D46001E11EC /* Frameworks */,
				36DFA14D2AD06D46001E11EC /* Resources */,
			);
			buildRules = (
			);
			dependencies = (
			);
			name = DO_SOPT_iOS;
			productName = DO_SOPT_iOS;
			productReference = 36DFA14F2AD06D46001E11EC /* DO_SOPT_iOS.app */;
			productType = "com.apple.product-type.application";
		};
/* End PBXNativeTarget section */

/* Begin PBXProject section */
		36DFA1472AD06D46001E11EC /* Project object */ = {
			isa = PBXProject;
			attributes = {
				BuildIndependentTargetsInParallel = 1;
				LastSwiftUpdateCheck = 1430;
				LastUpgradeCheck = 1430;
				TargetAttributes = {
					36DFA14E2AD06D46001E11EC = {
						CreatedOnToolsVersion = 14.3.1;
					};
				};
			};
			buildConfigurationList = 36DFA14A2AD06D46001E11EC /* Build configuration list for PBXProject "DO_SOPT_iOS" */;
			compatibilityVersion = "Xcode 14.0";
			developmentRegion = en;
			hasScannedForEncodings = 0;
			knownRegions = (
				en,
				Base,
			);
			mainGroup = 36DFA1462AD06D46001E11EC;
			productRefGroup = 36DFA1502AD06D46001E11EC /* Products */;
			projectDirPath = "";
			projectRoot = "";
			targets = (
				36DFA14E2AD06D46001E11EC /* DO_SOPT_iOS */,
			);
		};
/* End PBXProject section */

/* Begin PBXResourcesBuildPhase section */
		36DFA14D2AD06D46001E11EC /* Resources */ = {
			isa = PBXResourcesBuildPhase;
			buildActionMask = 2147483647;
			files = (
				36DFA15F2AD06D47001E11EC /* LaunchScreen.storyboard in Resources */,
				36DFA15C2AD06D47001E11EC /* Assets.xcassets in Resources */,
			);
			runOnlyForDeploymentPostprocessing = 0;
		};
/* End PBXResourcesBuildPhase section */

/* Begin PBXSourcesBuildPhase section */
		36DFA14B2AD06D46001E11EC /* Sources */ = {
			isa = PBXSourcesBuildPhase;
			buildActionMask = 2147483647;
			files = (
				36C66A332ADA747B00DBBE45 /* UIStackView+.swift in Sources */,
				36C66A312ADA69FE00DBBE45 /* SecondViewController.swift in Sources */,
				36DFA1572AD06D46001E11EC /* ViewController.swift in Sources */,
				36DFA1532AD06D46001E11EC /* AppDelegate.swift in Sources */,
				36C66A352ADA74B700DBBE45 /* ThirdViewController.swift in Sources */,
				36DFA1552AD06D46001E11EC /* SceneDelegate.swift in Sources */,
			);
			runOnlyForDeploymentPostprocessing = 0;
		};
/* End PBXSourcesBuildPhase section */

/* Begin PBXVariantGroup section */
		36DFA15D2AD06D47001E11EC /* LaunchScreen.storyboard */ = {
			isa = PBXVariantGroup;
			children = (
				36DFA15E2AD06D47001E11EC /* Base */,
			);
			name = LaunchScreen.storyboard;
			sourceTree = "<group>";
		};
/* End PBXVariantGroup section */

/* Begin XCBuildConfiguration section */
		36DFA1612AD06D47001E11EC /* Debug */ = {
			isa = XCBuildConfiguration;
			buildSettings = {
				ALWAYS_SEARCH_USER_PATHS = NO;
				CLANG_ANALYZER_NONNULL = YES;
				CLANG_ANALYZER_NUMBER_OBJECT_CONVERSION = YES_AGGRESSIVE;
				CLANG_CXX_LANGUAGE_STANDARD = "gnu++20";
				CLANG_ENABLE_MODULES = YES;
				CLANG_ENABLE_OBJC_ARC = YES;
				CLANG_ENABLE_OBJC_WEAK = YES;
				CLANG_WARN_BLOCK_CAPTURE_AUTORELEASING = YES;
				CLANG_WARN_BOOL_CONVERSION = YES;
				CLANG_WARN_COMMA = YES;
				CLANG_WARN_CONSTANT_CONVERSION = YES;
				CLANG_WARN_DEPRECATED_OBJC_IMPLEMENTATIONS = YES;
				CLANG_WARN_DIRECT_OBJC_ISA_USAGE = YES_ERROR;
				CLANG_WARN_DOCUMENTATION_COMMENTS = YES;
				CLANG_WARN_EMPTY_BODY = YES;
				CLANG_WARN_ENUM_CONVERSION = YES;
				CLANG_WARN_INFINITE_RECURSION = YES;
				CLANG_WARN_INT_CONVERSION = YES;
				CLANG_WARN_NON_LITERAL_NULL_CONVERSION = YES;
				CLANG_WARN_OBJC_IMPLICIT_RETAIN_SELF = YES;
				CLANG_WARN_OBJC_LITERAL_CONVERSION = YES;
				CLANG_WARN_OBJC_ROOT_CLASS = YES_ERROR;
				CLANG_WARN_QUOTED_INCLUDE_IN_FRAMEWORK_HEADER = YES;
				CLANG_WARN_RANGE_LOOP_ANALYSIS = YES;
				CLANG_WARN_STRICT_PROTOTYPES = YES;
				CLANG_WARN_SUSPICIOUS_MOVE = YES;
				CLANG_WARN_UNGUARDED_AVAILABILITY = YES_AGGRESSIVE;
				CLANG_WARN_UNREACHABLE_CODE = YES;
				CLANG_WARN__DUPLICATE_METHOD_MATCH = YES;
				COPY_PHASE_STRIP = NO;
				DEBUG_INFORMATION_FORMAT = dwarf;
				ENABLE_STRICT_OBJC_MSGSEND = YES;
				ENABLE_TESTABILITY = YES;
				GCC_C_LANGUAGE_STANDARD = gnu11;
				GCC_DYNAMIC_NO_PIC = NO;
				GCC_NO_COMMON_BLOCKS = YES;
				GCC_OPTIMIZATION_LEVEL = 0;
				GCC_PREPROCESSOR_DEFINITIONS = (
					"DEBUG=1",
					"$(inherited)",
				);
				GCC_WARN_64_TO_32_BIT_CONVERSION = YES;
				GCC_WARN_ABOUT_RETURN_TYPE = YES_ERROR;
				GCC_WARN_UNDECLARED_SELECTOR = YES;
				GCC_WARN_UNINITIALIZED_AUTOS = YES_AGGRESSIVE;
				GCC_WARN_UNUSED_FUNCTION = YES;
				GCC_WARN_UNUSED_VARIABLE = YES;
				IPHONEOS_DEPLOYMENT_TARGET = 16.4;
				MTL_ENABLE_DEBUG_INFO = INCLUDE_SOURCE;
				MTL_FAST_MATH = YES;
				ONLY_ACTIVE_ARCH = YES;
				SDKROOT = iphoneos;
				SWIFT_ACTIVE_COMPILATION_CONDITIONS = DEBUG;
				SWIFT_OPTIMIZATION_LEVEL = "-Onone";
			};
			name = Debug;
		};
		36DFA1622AD06D47001E11EC /* Release */ = {
			isa = XCBuildConfiguration;
			buildSettings = {
				ALWAYS_SEARCH_USER_PATHS = NO;
				CLANG_ANALYZER_NONNULL = YES;
				CLANG_ANALYZER_NUMBER_OBJECT_CONVERSION = YES_AGGRESSIVE;
				CLANG_CXX_LANGUAGE_STANDARD = "gnu++20";
				CLANG_ENABLE_MODULES = YES;
				CLANG_ENABLE_OBJC_ARC = YES;
				CLANG_ENABLE_OBJC_WEAK = YES;
				CLANG_WARN_BLOCK_CAPTURE_AUTORELEASING = YES;
				CLANG_WARN_BOOL_CONVERSION = YES;
				CLANG_WARN_COMMA = YES;
				CLANG_WARN_CONSTANT_CONVERSION = YES;
				CLANG_WARN_DEPRECATED_OBJC_IMPLEMENTATIONS = YES;
				CLANG_WARN_DIRECT_OBJC_ISA_USAGE = YES_ERROR;
				CLANG_WARN_DOCUMENTATION_COMMENTS = YES;
				CLANG_WARN_EMPTY_BODY = YES;
				CLANG_WARN_ENUM_CONVERSION = YES;
				CLANG_WARN_INFINITE_RECURSION = YES;
				CLANG_WARN_INT_CONVERSION = YES;
				CLANG_WARN_NON_LITERAL_NULL_CONVERSION = YES;
				CLANG_WARN_OBJC_IMPLICIT_RETAIN_SELF = YES;
				CLANG_WARN_OBJC_LITERAL_CONVERSION = YES;
				CLANG_WARN_OBJC_ROOT_CLASS = YES_ERROR;
				CLANG_WARN_QUOTED_INCLUDE_IN_FRAMEWORK_HEADER = YES;
				CLANG_WARN_RANGE_LOOP_ANALYSIS = YES;
				CLANG_WARN_STRICT_PROTOTYPES = YES;
				CLANG_WARN_SUSPICIOUS_MOVE = YES;
				CLANG_WARN_UNGUARDED_AVAILABILITY = YES_AGGRESSIVE;
				CLANG_WARN_UNREACHABLE_CODE = YES;
				CLANG_WARN__DUPLICATE_METHOD_MATCH = YES;
				COPY_PHASE_STRIP = NO;
				DEBUG_INFORMATION_FORMAT = "dwarf-with-dsym";
				ENABLE_NS_ASSERTIONS = NO;
				ENABLE_STRICT_OBJC_MSGSEND = YES;
				GCC_C_LANGUAGE_STANDARD = gnu11;
				GCC_NO_COMMON_BLOCKS = YES;
				GCC_WARN_64_TO_32_BIT_CONVERSION = YES;
				GCC_WARN_ABOUT_RETURN_TYPE = YES_ERROR;
				GCC_WARN_UNDECLARED_SELECTOR = YES;
				GCC_WARN_UNINITIALIZED_AUTOS = YES_AGGRESSIVE;
				GCC_WARN_UNUSED_FUNCTION = YES;
				GCC_WARN_UNUSED_VARIABLE = YES;
				IPHONEOS_DEPLOYMENT_TARGET = 16.4;
				MTL_ENABLE_DEBUG_INFO = NO;
				MTL_FAST_MATH = YES;
				SDKROOT = iphoneos;
				SWIFT_COMPILATION_MODE = wholemodule;
				SWIFT_OPTIMIZATION_LEVEL = "-O";
				VALIDATE_PRODUCT = YES;
			};
			name = Release;
		};
		36DFA1642AD06D47001E11EC /* Debug */ = {
			isa = XCBuildConfiguration;
			buildSettings = {
				ASSETCATALOG_COMPILER_APPICON_NAME = AppIcon;
				ASSETCATALOG_COMPILER_GLOBAL_ACCENT_COLOR_NAME = AccentColor;
				CODE_SIGN_STYLE = Automatic;
				CURRENT_PROJECT_VERSION = 1;
				DEVELOPMENT_TEAM = 8D8H8KC6DH;
				GENERATE_INFOPLIST_FILE = YES;
				INFOPLIST_FILE = DO_SOPT_iOS/Info.plist;
				INFOPLIST_KEY_UIApplicationSupportsIndirectInputEvents = YES;
				INFOPLIST_KEY_UILaunchStoryboardName = LaunchScreen;
				INFOPLIST_KEY_UISupportedInterfaceOrientations_iPad = "UIInterfaceOrientationPortrait UIInterfaceOrientationPortraitUpsideDown UIInterfaceOrientationLandscapeLeft UIInterfaceOrientationLandscapeRight";
				INFOPLIST_KEY_UISupportedInterfaceOrientations_iPhone = "UIInterfaceOrientationPortrait UIInterfaceOrientationLandscapeLeft UIInterfaceOrientationLandscapeRight";
				LD_RUNPATH_SEARCH_PATHS = (
					"$(inherited)",
					"@executable_path/Frameworks",
				);
				MARKETING_VERSION = 1.0;
				PRODUCT_BUNDLE_IDENTIFIER = "LJH.DO-SOPT-iOS";
				PRODUCT_NAME = "$(TARGET_NAME)";
				SWIFT_EMIT_LOC_STRINGS = YES;
				SWIFT_VERSION = 5.0;
				TARGETED_DEVICE_FAMILY = "1,2";
			};
			name = Debug;
		};
		36DFA1652AD06D47001E11EC /* Release */ = {
			isa = XCBuildConfiguration;
			buildSettings = {
				ASSETCATALOG_COMPILER_APPICON_NAME = AppIcon;
				ASSETCATALOG_COMPILER_GLOBAL_ACCENT_COLOR_NAME = AccentColor;
				CODE_SIGN_STYLE = Automatic;
				CURRENT_PROJECT_VERSION = 1;
				DEVELOPMENT_TEAM = 8D8H8KC6DH;
				GENERATE_INFOPLIST_FILE = YES;
				INFOPLIST_FILE = DO_SOPT_iOS/Info.plist;
				INFOPLIST_KEY_UIApplicationSupportsIndirectInputEvents = YES;
				INFOPLIST_KEY_UILaunchStoryboardName = LaunchScreen;
				INFOPLIST_KEY_UISupportedInterfaceOrientations_iPad = "UIInterfaceOrientationPortrait UIInterfaceOrientationPortraitUpsideDown UIInterfaceOrientationLandscapeLeft UIInterfaceOrientationLandscapeRight";
				INFOPLIST_KEY_UISupportedInterfaceOrientations_iPhone = "UIInterfaceOrientationPortrait UIInterfaceOrientationLandscapeLeft UIInterfaceOrientationLandscapeRight";
				LD_RUNPATH_SEARCH_PATHS = (
					"$(inherited)",
					"@executable_path/Frameworks",
				);
				MARKETING_VERSION = 1.0;
				PRODUCT_BUNDLE_IDENTIFIER = "LJH.DO-SOPT-iOS";
				PRODUCT_NAME = "$(TARGET_NAME)";
				SWIFT_EMIT_LOC_STRINGS = YES;
				SWIFT_VERSION = 5.0;
				TARGETED_DEVICE_FAMILY = "1,2";
			};
			name = Release;
		};
/* End XCBuildConfiguration section */

/* Begin XCConfigurationList section */
		36DFA14A2AD06D46001E11EC /* Build configuration list for PBXProject "DO_SOPT_iOS" */ = {
			isa = XCConfigurationList;
			buildConfigurations = (
				36DFA1612AD06D47001E11EC /* Debug */,
				36DFA1622AD06D47001E11EC /* Release */,
			);
			defaultConfigurationIsVisible = 0;
			defaultConfigurationName = Release;
		};
		36DFA1632AD06D47001E11EC /* Build configuration list for PBXNativeTarget "DO_SOPT_iOS" */ = {
			isa = XCConfigurationList;
			buildConfigurations = (
				36DFA1642AD06D47001E11EC /* Debug */,
				36DFA1652AD06D47001E11EC /* Release */,
			);
			defaultConfigurationIsVisible = 0;
			defaultConfigurationName = Release;
		};
/* End XCConfigurationList section */
	};
	rootObject = 36DFA1472AD06D46001E11EC /* Project object */;
}
